name: Update yarn.lock

on:
  push:
    branches: ['01-yarnlock']
  schedule:
    - cron: '0 8 * * 0' # run weekly on Sunday at 8am GMT

permissions:
  pull-requests: write
  contents: write

jobs:
  yarn-update:
    runs-on: ubuntu-latest
    steps:
      - name: Get current date
        id: current-date
        run: echo "::set-output name=date::$(date +'%Y-%m-%d')"
      - uses: actions/checkout@24cb9080177205b6e8c946b17badbe402adc938f # v3.4.0 https://github.com/actions/checkout/commit/24cb9080177205b6e8c946b17badbe402adc938f
        with:
          ref: main
      - name:
        env:
          BRANCH: update-yarnlock/${{ steps.current-date.outputs.date }}
        run: |
          git checkout -b $BRANCH \
          rm yarn.lock \
          yarn || true \
          git add yarn.lock \
          git commit -am "chore: update yarn.lock" \
          git push origin HEAD
      - name: Create Pull Request
        env:
          GH_TOKEN: ${{ github.token }}
          BRANCH: update-yarnlock/${{ steps.current-date.outputs.date }}
        run: |
          gh pr create \
          --title "chore: update yarn.lock" \
          --body "Update the yarn.lock file" \
          --head $BRANCH \
          --base main
